
Microsoft Visual Studio Solution File, Format Version 12.00
# Visual Studio Version 16
VisualStudioVersion = 25.0.1706.14
MinimumVisualStudioVersion = 10.0.40219.1
Project("{FAE04EC0-301F-11D3-BF4B-00C04F79EFBC}") = "2", "2\2.csproj", "{09F60CB1-6C4B-4910-8848-FD89EBC17BED}"
EndProject
Global
	GlobalSection(SolutionConfigurationPlatforms) = preSolution
		Debug|Any CPU = Debug|Any CPU
		Release|Any CPU = Release|Any CPU
	EndGlobalSection
	GlobalSection(ProjectConfigurationPlatforms) = postSolution
		{09F60CB1-6C4B-4910-8848-FD89EBC17BED}.Debug|Any CPU.ActiveCfg = Debug|Any CPU
		{09F60CB1-6C4B-4910-8848-FD89EBC17BED}.Debug|Any CPU.Build.0 = Debug|Any CPU
		{09F60CB1-6C4B-4910-8848-FD89EBC17BED}.Release|Any CPU.ActiveCfg = Release|Any CPU
		{09F60CB1-6C4B-4910-8848-FD89EBC17BED}.Release|Any CPU.Build.0 = Release|Any CPU
	EndGlobalSection
	GlobalSection(SolutionProperties) = preSolution
		HideSolutionNode = FALSE
	EndGlobalSection
	GlobalSection(ExtensibilityGlobals) = postSolution
		SolutionGuid = {41812240-D570-45E2-898E-A28D3D7472AF}
	EndGlobalSection
EndGlobal
